
Microsoft Visual Studio Solution File, Format Version 12.00
# Visual Studio Version 16
VisualStudioVersion = 16.0.31911.196
MinimumVisualStudioVersion = 10.0.40219.1
Project("{9A19103F-16F7-4668-BE54-9A1E7A4F7556}") = "MooRefactor", "MooRefactor\MooRefactor.csproj", "{FF0C01B2-E108-400B-B26E-58230E751480}"
EndProject
Project("{9A19103F-16F7-4668-BE54-9A1E7A4F7556}") = "MooRefactorTests", "MooRefactorTest\MooRefactorTests.csproj", "{5034A44E-179C-44C3-BA49-9B31434C5029}"
EndProject
Global
	GlobalSection(SolutionConfigurationPlatforms) = preSolution
		Debug|Any CPU = Debug|Any CPU
		Release|Any CPU = Release|Any CPU
	EndGlobalSection
	GlobalSection(ProjectConfigurationPlatforms) = postSolution
		{FF0C01B2-E108-400B-B26E-58230E751480}.Debug|Any CPU.ActiveCfg = Debug|Any CPU
		{FF0C01B2-E108-400B-B26E-58230E751480}.Debug|Any CPU.Build.0 = Debug|Any CPU
		{FF0C01B2-E108-400B-B26E-58230E751480}.Release|Any CPU.ActiveCfg = Release|Any CPU
		{FF0C01B2-E108-400B-B26E-58230E751480}.Release|Any CPU.Build.0 = Release|Any CPU
		{5034A44E-179C-44C3-BA49-9B31434C5029}.Debug|Any CPU.ActiveCfg = Debug|Any CPU
		{5034A44E-179C-44C3-BA49-9B31434C5029}.Debug|Any CPU.Build.0 = Debug|Any CPU
		{5034A44E-179C-44C3-BA49-9B31434C5029}.Release|Any CPU.ActiveCfg = Release|Any CPU
		{5034A44E-179C-44C3-BA49-9B31434C5029}.Release|Any CPU.Build.0 = Release|Any CPU
	EndGlobalSection
	GlobalSection(SolutionProperties) = preSolution
		HideSolutionNode = FALSE
	EndGlobalSection
	GlobalSection(ExtensibilityGlobals) = postSolution
		SolutionGuid = {5DD31CFD-A7CB-47DF-BAB1-5FA5EA11E394}
	EndGlobalSection
EndGlobal
